
Microsoft Visual Studio Solution File, Format Version 12.00
# Visual Studio 15
VisualStudioVersion = 15.0.28307.136
MinimumVisualStudioVersion = 10.0.40219.1
Project("{FAE04EC0-301F-11D3-BF4B-00C04F79EFBC}") = "BoomTown", "BoomTown\BoomTown.csproj", "{2749D6B4-F0B2-497D-B08D-82899C33EB19}"
EndProject
Project("{FAE04EC0-301F-11D3-BF4B-00C04F79EFBC}") = "BoomTown.Data", "BoomTown.Data\BoomTown.Data.csproj", "{9D91F657-8E14-4ED9-BC59-3EC47664654E}"
EndProject
Project("{FAE04EC0-301F-11D3-BF4B-00C04F79EFBC}") = "BoomTown.Repo", "BoomTown.Repo\BoomTown.Repo.csproj", "{CF61EC18-9ADD-4E90-9017-F065CD25E8C2}"
EndProject
Project("{FAE04EC0-301F-11D3-BF4B-00C04F79EFBC}") = "BoomTown.Entities", "BoomTown.Entities\BoomTown.Entities.csproj", "{898BDD3C-6B3D-493D-A13F-202C2DE22EA6}"
EndProject
Project("{FAE04EC0-301F-11D3-BF4B-00C04F79EFBC}") = "BoomTown.Framework", "Framework\BoomTown.Framework.csproj", "{277C804F-4A95-4BBB-9784-8CDF69EF30FB}"
EndProject
Global
	GlobalSection(SolutionConfigurationPlatforms) = preSolution
		Debug|Any CPU = Debug|Any CPU
		Release|Any CPU = Release|Any CPU
	EndGlobalSection
	GlobalSection(ProjectConfigurationPlatforms) = postSolution
		{2749D6B4-F0B2-497D-B08D-82899C33EB19}.Debug|Any CPU.ActiveCfg = Debug|Any CPU
		{2749D6B4-F0B2-497D-B08D-82899C33EB19}.Debug|Any CPU.Build.0 = Debug|Any CPU
		{2749D6B4-F0B2-497D-B08D-82899C33EB19}.Release|Any CPU.ActiveCfg = Release|Any CPU
		{2749D6B4-F0B2-497D-B08D-82899C33EB19}.Release|Any CPU.Build.0 = Release|Any CPU
		{9D91F657-8E14-4ED9-BC59-3EC47664654E}.Debug|Any CPU.ActiveCfg = Debug|Any CPU
		{9D91F657-8E14-4ED9-BC59-3EC47664654E}.Debug|Any CPU.Build.0 = Debug|Any CPU
		{9D91F657-8E14-4ED9-BC59-3EC47664654E}.Release|Any CPU.ActiveCfg = Release|Any CPU
		{9D91F657-8E14-4ED9-BC59-3EC47664654E}.Release|Any CPU.Build.0 = Release|Any CPU
		{CF61EC18-9ADD-4E90-9017-F065CD25E8C2}.Debug|Any CPU.ActiveCfg = Debug|Any CPU
		{CF61EC18-9ADD-4E90-9017-F065CD25E8C2}.Debug|Any CPU.Build.0 = Debug|Any CPU
		{CF61EC18-9ADD-4E90-9017-F065CD25E8C2}.Release|Any CPU.ActiveCfg = Release|Any CPU
		{CF61EC18-9ADD-4E90-9017-F065CD25E8C2}.Release|Any CPU.Build.0 = Release|Any CPU
		{898BDD3C-6B3D-493D-A13F-202C2DE22EA6}.Debug|Any CPU.ActiveCfg = Debug|Any CPU
		{898BDD3C-6B3D-493D-A13F-202C2DE22EA6}.Debug|Any CPU.Build.0 = Debug|Any CPU
		{898BDD3C-6B3D-493D-A13F-202C2DE22EA6}.Release|Any CPU.ActiveCfg = Release|Any CPU
		{898BDD3C-6B3D-493D-A13F-202C2DE22EA6}.Release|Any CPU.Build.0 = Release|Any CPU
		{277C804F-4A95-4BBB-9784-8CDF69EF30FB}.Debug|Any CPU.ActiveCfg = Debug|Any CPU
		{277C804F-4A95-4BBB-9784-8CDF69EF30FB}.Debug|Any CPU.Build.0 = Debug|Any CPU
		{277C804F-4A95-4BBB-9784-8CDF69EF30FB}.Release|Any CPU.ActiveCfg = Release|Any CPU
		{277C804F-4A95-4BBB-9784-8CDF69EF30FB}.Release|Any CPU.Build.0 = Release|Any CPU
	EndGlobalSection
	GlobalSection(SolutionProperties) = preSolution
		HideSolutionNode = FALSE
	EndGlobalSection
	GlobalSection(ExtensibilityGlobals) = postSolution
		SolutionGuid = {9B5124A9-6995-4623-8882-70C6025110E6}
	EndGlobalSection
EndGlobal
